
Microsoft Visual Studio Solution File, Format Version 12.00
# Visual Studio Version 16
VisualStudioVersion = 16.0.30413.136
MinimumVisualStudioVersion = 10.0.40219.1
Project("{FAE04EC0-301F-11D3-BF4B-00C04F79EFBC}") = "ClassLibraryRenderCash", "ClassLibraryRenderCash\ClassLibraryRenderCash.csproj", "{2CA8EC9B-9B5A-4020-8EB3-2071334D5DE0}"
EndProject
Global
	GlobalSection(SolutionConfigurationPlatforms) = preSolution
		Debug|Any CPU = Debug|Any CPU
		Release|Any CPU = Release|Any CPU
	EndGlobalSection
	GlobalSection(ProjectConfigurationPlatforms) = postSolution
		{2CA8EC9B-9B5A-4020-8EB3-2071334D5DE0}.Debug|Any CPU.ActiveCfg = Debug|Any CPU
		{2CA8EC9B-9B5A-4020-8EB3-2071334D5DE0}.Debug|Any CPU.Build.0 = Debug|Any CPU
		{2CA8EC9B-9B5A-4020-8EB3-2071334D5DE0}.Release|Any CPU.ActiveCfg = Release|Any CPU
		{2CA8EC9B-9B5A-4020-8EB3-2071334D5DE0}.Release|Any CPU.Build.0 = Release|Any CPU
	EndGlobalSection
	GlobalSection(SolutionProperties) = preSolution
		HideSolutionNode = FALSE
	EndGlobalSection
	GlobalSection(ExtensibilityGlobals) = postSolution
		SolutionGuid = {7E3A6A36-F232-4AC9-A586-AEB375273A46}
	EndGlobalSection
EndGlobal
